// !$*UTF8*$!
{
	archiveVersion = 1;
	classes = {
	};
	objectVersion = 50;
	objects = {

/* Begin PBXBuildFile section */
		4678186D21B95B59002ACD4A /* AppDelegate.swift in Sources */ = {isa = PBXBuildFile; fileRef = 4678186C21B95B59002ACD4A /* AppDelegate.swift */; };
		4678186F21B95B59002ACD4A /* ViewController.swift in Sources */ = {isa = PBXBuildFile; fileRef = 4678186E21B95B59002ACD4A /* ViewController.swift */; };
		4678187221B95B59002ACD4A /* Main.storyboard in Resources */ = {isa = PBXBuildFile; fileRef = 4678187021B95B59002ACD4A /* Main.storyboard */; };
		4678187421B95B5A002ACD4A /* Assets.xcassets in Resources */ = {isa = PBXBuildFile; fileRef = 4678187321B95B5A002ACD4A /* Assets.xcassets */; };
		4678187721B95B5A002ACD4A /* LaunchScreen.storyboard in Resources */ = {isa = PBXBuildFile; fileRef = 4678187521B95B5A002ACD4A /* LaunchScreen.storyboard */; };
		46D4366621C3CCD500311CE1 /* Localizable.strings in Resources */ = {isa = PBXBuildFile; fileRef = 46D4366821C3CCD500311CE1 /* Localizable.strings */; };
		D14116BC58DA49DE83F986B2 /* Pods_SCIBarcodeScannerExample.framework in Frameworks */ = {isa = PBXBuildFile; fileRef = 2C11BA1AD25D1A4C68EE9EAA /* Pods_SCIBarcodeScannerExample.framework */; };
/* End PBXBuildFile section */

/* Begin PBXFileReference section */
		2C11BA1AD25D1A4C68EE9EAA /* Pods_SCIBarcodeScannerExample.framework */ = {isa = PBXFileReference; explicitFileType = wrapper.framework; includeInIndex = 0; path = Pods_SCIBarcodeScannerExample.framework; sourceTree = BUILT_PRODUCTS_DIR; };
		38C835DBF27D4D2155942C85 /* Pods-SCIBarcodeScannerExample.release.xcconfig */ = {isa = PBXFileReference; includeInIndex = 1; lastKnownFileType = text.xcconfig; name = "Pods-SCIBarcodeScannerExample.release.xcconfig"; path = "Pods/Target Support Files/Pods-SCIBarcodeScannerExample/Pods-SCIBarcodeScannerExample.release.xcconfig"; sourceTree = "<group>"; };
		4678186921B95B59002ACD4A /* SCIBarcodeScannerExample.app */ = {isa = PBXFileReference; explicitFileType = wrapper.application; includeInIndex = 0; path = SCIBarcodeScannerExample.app; sourceTree = BUILT_PRODUCTS_DIR; };
		4678186C21B95B59002ACD4A /* AppDelegate.swift */ = {isa = PBXFileReference; lastKnownFileType = sourcecode.swift; path = AppDelegate.swift; sourceTree = "<group>"; };
		4678186E21B95B59002ACD4A /* ViewController.swift */ = {isa = PBXFileReference; lastKnownFileType = sourcecode.swift; path = ViewController.swift; sourceTree = "<group>"; };
		4678187121B95B59002ACD4A /* Base */ = {isa = PBXFileReference; lastKnownFileType = file.storyboard; name = Base; path = Base.lproj/Main.storyboard; sourceTree = "<group>"; };
		4678187321B95B5A002ACD4A /* Assets.xcassets */ = {isa = PBXFileReference; lastKnownFileType = folder.assetcatalog; path = Assets.xcassets; sourceTree = "<group>"; };
		4678187621B95B5A002ACD4A /* Base */ = {isa = PBXFileReference; lastKnownFileType = file.storyboard; name = Base; path = Base.lproj/LaunchScreen.storyboard; sourceTree = "<group>"; };
		4678187821B95B5A002ACD4A /* Info.plist */ = {isa = PBXFileReference; lastKnownFileType = text.plist.xml; path = Info.plist; sourceTree = "<group>"; };
		46D4366721C3CCD500311CE1 /* en */ = {isa = PBXFileReference; lastKnownFileType = text.plist.strings; name = en; path = en.lproj/Localizable.strings; sourceTree = "<group>"; };
		46D4366921C3CCE400311CE1 /* de */ = {isa = PBXFileReference; lastKnownFileType = text.plist.strings; name = de; path = de.lproj/Localizable.strings; sourceTree = "<group>"; };
		F2370BE8D79CC63CA9B17792 /* Pods-SCIBarcodeScannerExample.debug.xcconfig */ = {isa = PBXFileReference; includeInIndex = 1; lastKnownFileType = text.xcconfig; name = "Pods-SCIBarcodeScannerExample.debug.xcconfig"; path = "Pods/Target Support Files/Pods-SCIBarcodeScannerExample/Pods-SCIBarcodeScannerExample.debug.xcconfig"; sourceTree = "<group>"; };
/* End PBXFileReference section */

/* Begin PBXFrameworksBuildPhase section */
		4678186621B95B59002ACD4A /* Frameworks */ = {
			isa = PBXFrameworksBuildPhase;
			buildActionMask = 2147483647;
			files = (
				D14116BC58DA49DE83F986B2 /* Pods_SCIBarcodeScannerExample.framework in Frameworks */,
			);
			runOnlyForDeploymentPostprocessing = 0;
		};
/* End PBXFrameworksBuildPhase section */

/* Begin PBXGroup section */
		2A8C8B9A3CD65B2F39BE8B05 /* Pods */ = {
			isa = PBXGroup;
			children = (
				F2370BE8D79CC63CA9B17792 /* Pods-SCIBarcodeScannerExample.debug.xcconfig */,
				38C835DBF27D4D2155942C85 /* Pods-SCIBarcodeScannerExample.release.xcconfig */,
			);
			name = Pods;
			sourceTree = "<group>";
		};
		4678186021B95B59002ACD4A = {
			isa = PBXGroup;
			children = (
				4678186B21B95B59002ACD4A /* SCIBarcodeScannerExample */,
				4678186A21B95B59002ACD4A /* Products */,
				2A8C8B9A3CD65B2F39BE8B05 /* Pods */,
				85789E3D04A9617B9D760C63 /* Frameworks */,
			);
			sourceTree = "<group>";
		};
		4678186A21B95B59002ACD4A /* Products */ = {
			isa = PBXGroup;
			children = (
				4678186921B95B59002ACD4A /* SCIBarcodeScannerExample.app */,
			);
			name = Products;
			sourceTree = "<group>";
		};
		4678186B21B95B59002ACD4A /* SCIBarcodeScannerExample */ = {
			isa = PBXGroup;
			children = (
				4678186C21B95B59002ACD4A /* AppDelegate.swift */,
				4678186E21B95B59002ACD4A /* ViewController.swift */,
				4678187021B95B59002ACD4A /* Main.storyboard */,
				4678187321B95B5A002ACD4A /* Assets.xcassets */,
				4678187521B95B5A002ACD4A /* LaunchScreen.storyboard */,
				4678187821B95B5A002ACD4A /* Info.plist */,
				46D4366821C3CCD500311CE1 /* Localizable.strings */,
			);
			path = SCIBarcodeScannerExample;
			sourceTree = "<group>";
		};
		85789E3D04A9617B9D760C63 /* Frameworks */ = {
			isa = PBXGroup;
			children = (
				2C11BA1AD25D1A4C68EE9EAA /* Pods_SCIBarcodeScannerExample.framework */,
			);
			name = Frameworks;
			sourceTree = "<group>";
		};
/* End PBXGroup section */

/* Begin PBXNativeTarget section */
		4678186821B95B59002ACD4A /* SCIBarcodeScannerExample */ = {
			isa = PBXNativeTarget;
			buildConfigurationList = 4678187B21B95B5A002ACD4A /* Build configuration list for PBXNativeTarget "SCIBarcodeScannerExample" */;
			buildPhases = (
				3BC8626388811AC2C2A1E778 /* [CP] Check Pods Manifest.lock */,
				4678186521B95B59002ACD4A /* Sources */,
				4678186621B95B59002ACD4A /* Frameworks */,
				4678186721B95B59002ACD4A /* Resources */,
				17F32326899A6D976C84AE21 /* [CP] Embed Pods Frameworks */,
			);
			buildRules = (
			);
			dependencies = (
			);
			name = SCIBarcodeScannerExample;
			productName = SCIBarcodeScannerExample;
			productReference = 4678186921B95B59002ACD4A /* SCIBarcodeScannerExample.app */;
			productType = "com.apple.product-type.application";
		};
/* End PBXNativeTarget section */

/* Begin PBXProject section */
		4678186121B95B59002ACD4A /* Project object */ = {
			isa = PBXProject;
			attributes = {
				LastSwiftUpdateCheck = 1010;
				LastUpgradeCheck = 1010;
				ORGANIZATIONNAME = "scireum GmbH";
				TargetAttributes = {
					4678186821B95B59002ACD4A = {
						CreatedOnToolsVersion = 10.1;
					};
				};
			};
			buildConfigurationList = 4678186421B95B59002ACD4A /* Build configuration list for PBXProject "SCIBarcodeScannerExample" */;
			compatibilityVersion = "Xcode 9.3";
			developmentRegion = en;
			hasScannedForEncodings = 0;
			knownRegions = (
				en,
				Base,
				de,
			);
			mainGroup = 4678186021B95B59002ACD4A;
			productRefGroup = 4678186A21B95B59002ACD4A /* Products */;
			projectDirPath = "";
			projectRoot = "";
			targets = (
				4678186821B95B59002ACD4A /* SCIBarcodeScannerExample */,
			);
		};
/* End PBXProject section */

/* Begin PBXResourcesBuildPhase section */
		4678186721B95B59002ACD4A /* Resources */ = {
			isa = PBXResourcesBuildPhase;
			buildActionMask = 2147483647;
			files = (
				4678187721B95B5A002ACD4A /* LaunchScreen.storyboard in Resources */,
				46D4366621C3CCD500311CE1 /* Localizable.strings in Resources */,
				4678187421B95B5A002ACD4A /* Assets.xcassets in Resources */,
				4678187221B95B59002ACD4A /* Main.storyboard in Resources */,
			);
			runOnlyForDeploymentPostprocessing = 0;
		};
/* End PBXResourcesBuildPhase section */

/* Begin PBXShellScriptBuildPhase section */
		17F32326899A6D976C84AE21 /* [CP] Embed Pods Frameworks */ = {
			isa = PBXShellScriptBuildPhase;
			buildActionMask = 2147483647;
			files = (
			);
			inputFileListPaths = (
			);
			inputPaths = (
				"${PODS_ROOT}/Target Support Files/Pods-SCIBarcodeScannerExample/Pods-SCIBarcodeScannerExample-frameworks.sh",
				"${BUILT_PRODUCTS_DIR}/SCIBarcodeScanner/SCIBarcodeScanner.framework",
			);
			name = "[CP] Embed Pods Frameworks";
			outputFileListPaths = (
			);
			outputPaths = (
				"${TARGET_BUILD_DIR}/${FRAMEWORKS_FOLDER_PATH}/SCIBarcodeScanner.framework",
			);
			runOnlyForDeploymentPostprocessing = 0;
			shellPath = /bin/sh;
			shellScript = "\"${PODS_ROOT}/Target Support Files/Pods-SCIBarcodeScannerExample/Pods-SCIBarcodeScannerExample-frameworks.sh\"\n";
			showEnvVarsInLog = 0;
		};
		3BC8626388811AC2C2A1E778 /* [CP] Check Pods Manifest.lock */ = {
			isa = PBXShellScriptBuildPhase;
			buildActionMask = 2147483647;
			files = (
			);
			inputFileListPaths = (
			);
			inputPaths = (
				"${PODS_PODFILE_DIR_PATH}/Podfile.lock",
				"${PODS_ROOT}/Manifest.lock",
			);
			name = "[CP] Check Pods Manifest.lock";
			outputFileListPaths = (
			);
			outputPaths = (
				"$(DERIVED_FILE_DIR)/Pods-SCIBarcodeScannerExample-checkManifestLockResult.txt",
			);
			runOnlyForDeploymentPostprocessing = 0;
			shellPath = /bin/sh;
			shellScript = "diff \"${PODS_PODFILE_DIR_PATH}/Podfile.lock\" \"${PODS_ROOT}/Manifest.lock\" > /dev/null\nif [ $? != 0 ] ; then\n    # print error to STDERR\n    echo \"error: The sandbox is not in sync with the Podfile.lock. Run 'pod install' or update your CocoaPods installation.\" >&2\n    exit 1\nfi\n# This output is used by Xcode 'outputs' to avoid re-running this script phase.\necho \"SUCCESS\" > \"${SCRIPT_OUTPUT_FILE_0}\"\n";
			showEnvVarsInLog = 0;
		};
/* End PBXShellScriptBuildPhase section */

/* Begin PBXSourcesBuildPhase section */
		4678186521B95B59002ACD4A /* Sources */ = {
			isa = PBXSourcesBuildPhase;
			buildActionMask = 2147483647;
			files = (
				4678186F21B95B59002ACD4A /* ViewController.swift in Sources */,
				4678186D21B95B59002ACD4A /* AppDelegate.swift in Sources */,
			);
			runOnlyForDeploymentPostprocessing = 0;
		};
/* End PBXSourcesBuildPhase section */

/* Begin PBXVariantGroup section */
		4678187021B95B59002ACD4A /* Main.storyboard */ = {
			isa = PBXVariantGroup;
			children = (
				4678187121B95B59002ACD4A /* Base */,
			);
			name = Main.storyboard;
			sourceTree = "<group>";
		};
		4678187521B95B5A002ACD4A /* LaunchScreen.storyboard */ = {
			isa = PBXVariantGroup;
			children = (
				4678187621B95B5A002ACD4A /* Base */,
			);
			name = LaunchScreen.storyboard;
			sourceTree = "<group>";
		};
		46D4366821C3CCD500311CE1 /* Localizable.strings */ = {
			isa = PBXVariantGroup;
			children = (
				46D4366721C3CCD500311CE1 /* en */,
				46D4366921C3CCE400311CE1 /* de */,
			);
			name = Localizable.strings;
			sourceTree = "<group>";
		};
/* End PBXVariantGroup section */

/* Begin XCBuildConfiguration section */
		4678187921B95B5A002ACD4A /* Debug */ = {
			isa = XCBuildConfiguration;
			buildSettings = {
				ALWAYS_SEARCH_USER_PATHS = NO;
				CLANG_ANALYZER_LOCALIZABILITY_NONLOCALIZED = YES;
				CLANG_ANALYZER_NONNULL = YES;
				CLANG_ANALYZER_NUMBER_OBJECT_CONVERSION = YES_AGGRESSIVE;
				CLANG_CXX_LANGUAGE_STANDARD = "gnu++14";
				CLANG_CXX_LIBRARY = "libc++";
				CLANG_ENABLE_MODULES = YES;
				CLANG_ENABLE_OBJC_ARC = YES;
				CLANG_ENABLE_OBJC_WEAK = YES;
				CLANG_WARN_BLOCK_CAPTURE_AUTORELEASING = YES;
				CLANG_WARN_BOOL_CONVERSION = YES;
				CLANG_WARN_COMMA = YES;
				CLANG_WARN_CONSTANT_CONVERSION = YES;
				CLANG_WARN_DEPRECATED_OBJC_IMPLEMENTATIONS = YES;
				CLANG_WARN_DIRECT_OBJC_ISA_USAGE = YES_ERROR;
				CLANG_WARN_DOCUMENTATION_COMMENTS = YES;
				CLANG_WARN_EMPTY_BODY = YES;
				CLANG_WARN_ENUM_CONVERSION = YES;
				CLANG_WARN_INFINITE_RECURSION = YES;
				CLANG_WARN_INT_CONVERSION = YES;
				CLANG_WARN_NON_LITERAL_NULL_CONVERSION = YES;
				CLANG_WARN_OBJC_IMPLICIT_RETAIN_SELF = YES;
				CLANG_WARN_OBJC_LITERAL_CONVERSION = YES;
				CLANG_WARN_OBJC_ROOT_CLASS = YES_ERROR;
				CLANG_WARN_RANGE_LOOP_ANALYSIS = YES;
				CLANG_WARN_STRICT_PROTOTYPES = YES;
				CLANG_WARN_SUSPICIOUS_MOVE = YES;
				CLANG_WARN_UNGUARDED_AVAILABILITY = YES_AGGRESSIVE;
				CLANG_WARN_UNREACHABLE_CODE = YES;
				CLANG_WARN__DUPLICATE_METHOD_MATCH = YES;
				CODE_SIGN_IDENTITY = "iPhone Developer";
				COPY_PHASE_STRIP = NO;
				DEBUG_INFORMATION_FORMAT = dwarf;
				ENABLE_STRICT_OBJC_MSGSEND = YES;
				ENABLE_TESTABILITY = YES;
				GCC_C_LANGUAGE_STANDARD = gnu11;
				GCC_DYNAMIC_NO_PIC = NO;
				GCC_NO_COMMON_BLOCKS = YES;
				GCC_OPTIMIZATION_LEVEL = 0;
				GCC_PREPROCESSOR_DEFINITIONS = (
					"DEBUG=1",
					"$(inherited)",
				);
				GCC_WARN_64_TO_32_BIT_CONVERSION = YES;
				GCC_WARN_ABOUT_RETURN_TYPE = YES_ERROR;
				GCC_WARN_UNDECLARED_SELECTOR = YES;
				GCC_WARN_UNINITIALIZED_AUTOS = YES_AGGRESSIVE;
				GCC_WARN_UNUSED_FUNCTION = YES;
				GCC_WARN_UNUSED_VARIABLE = YES;
				IPHONEOS_DEPLOYMENT_TARGET = 10.0;
				MTL_ENABLE_DEBUG_INFO = INCLUDE_SOURCE;
				MTL_FAST_MATH = YES;
				ONLY_ACTIVE_ARCH = YES;
				SDKROOT = iphoneos;
				SWIFT_ACTIVE_COMPILATION_CONDITIONS = DEBUG;
				SWIFT_OPTIMIZATION_LEVEL = "-Onone";
			};
			name = Debug;
		};
		4678187A21B95B5A002ACD4A /* Release */ = {
			isa = XCBuildConfiguration;
			buildSettings = {
				ALWAYS_SEARCH_USER_PATHS = NO;
				CLANG_ANALYZER_LOCALIZABILITY_NONLOCALIZED = YES;
				CLANG_ANALYZER_NONNULL = YES;
				CLANG_ANALYZER_NUMBER_OBJECT_CONVERSION = YES_AGGRESSIVE;
				CLANG_CXX_LANGUAGE_STANDARD = "gnu++14";
				CLANG_CXX_LIBRARY = "libc++";
				CLANG_ENABLE_MODULES = YES;
				CLANG_ENABLE_OBJC_ARC = YES;
				CLANG_ENABLE_OBJC_WEAK = YES;
				CLANG_WARN_BLOCK_CAPTURE_AUTORELEASING = YES;
				CLANG_WARN_BOOL_CONVERSION = YES;
				CLANG_WARN_COMMA = YES;
				CLANG_WARN_CONSTANT_CONVERSION = YES;
				CLANG_WARN_DEPRECATED_OBJC_IMPLEMENTATIONS = YES;
				CLANG_WARN_DIRECT_OBJC_ISA_USAGE = YES_ERROR;
				CLANG_WARN_DOCUMENTATION_COMMENTS = YES;
				CLANG_WARN_EMPTY_BODY = YES;
				CLANG_WARN_ENUM_CONVERSION = YES;
				CLANG_WARN_INFINITE_RECURSION = YES;
				CLANG_WARN_INT_CONVERSION = YES;
				CLANG_WARN_NON_LITERAL_NULL_CONVERSION = YES;
				CLANG_WARN_OBJC_IMPLICIT_RETAIN_SELF = YES;
				CLANG_WARN_OBJC_LITERAL_CONVERSION = YES;
				CLANG_WARN_OBJC_ROOT_CLASS = YES_ERROR;
				CLANG_WARN_RANGE_LOOP_ANALYSIS = YES;
				CLANG_WARN_STRICT_PROTOTYPES = YES;
				CLANG_WARN_SUSPICIOUS_MOVE = YES;
				CLANG_WARN_UNGUARDED_AVAILABILITY = YES_AGGRESSIVE;
				CLANG_WARN_UNREACHABLE_CODE = YES;
				CLANG_WARN__DUPLICATE_METHOD_MATCH = YES;
				CODE_SIGN_IDENTITY = "iPhone Developer";
				COPY_PHASE_STRIP = NO;
				DEBUG_INFORMATION_FORMAT = "dwarf-with-dsym";
				ENABLE_NS_ASSERTIONS = NO;
				ENABLE_STRICT_OBJC_MSGSEND = YES;
				GCC_C_LANGUAGE_STANDARD = gnu11;
				GCC_NO_COMMON_BLOCKS = YES;
				GCC_WARN_64_TO_32_BIT_CONVERSION = YES;
				GCC_WARN_ABOUT_RETURN_TYPE = YES_ERROR;
				GCC_WARN_UNDECLARED_SELECTOR = YES;
				GCC_WARN_UNINITIALIZED_AUTOS = YES_AGGRESSIVE;
				GCC_WARN_UNUSED_FUNCTION = YES;
				GCC_WARN_UNUSED_VARIABLE = YES;
				IPHONEOS_DEPLOYMENT_TARGET = 10.0;
				MTL_ENABLE_DEBUG_INFO = NO;
				MTL_FAST_MATH = YES;
				SDKROOT = iphoneos;
				SWIFT_COMPILATION_MODE = wholemodule;
				SWIFT_OPTIMIZATION_LEVEL = "-O";
				VALIDATE_PRODUCT = YES;
			};
			name = Release;
		};
		4678187C21B95B5A002ACD4A /* Debug */ = {
			isa = XCBuildConfiguration;
			baseConfigurationReference = F2370BE8D79CC63CA9B17792 /* Pods-SCIBarcodeScannerExample.debug.xcconfig */;
			buildSettings = {
				ASSETCATALOG_COMPILER_APPICON_NAME = AppIcon;
				CODE_SIGN_STYLE = Automatic;
				DEVELOPMENT_TEAM = 7M8V8XD8EL;
				INFOPLIST_FILE = SCIBarcodeScannerExample/Info.plist;
				LD_RUNPATH_SEARCH_PATHS = (
					"$(inherited)",
					"@executable_path/Frameworks",
				);
				PRODUCT_BUNDLE_IDENTIFIER = de.scireum.SCIBarcodeScannerExample;
				PRODUCT_NAME = "$(TARGET_NAME)";
				SWIFT_VERSION = 4.2;
				TARGETED_DEVICE_FAMILY = "1,2";
			};
			name = Debug;
		};
		4678187D21B95B5A002ACD4A /* Release */ = {
			isa = XCBuildConfiguration;
			baseConfigurationReference = 38C835DBF27D4D2155942C85 /* Pods-SCIBarcodeScannerExample.release.xcconfig */;
			buildSettings = {
				ASSETCATALOG_COMPILER_APPICON_NAME = AppIcon;
				CODE_SIGN_STYLE = Automatic;
				DEVELOPMENT_TEAM = 7M8V8XD8EL;
				INFOPLIST_FILE = SCIBarcodeScannerExample/Info.plist;
				LD_RUNPATH_SEARCH_PATHS = (
					"$(inherited)",
					"@executable_path/Frameworks",
				);
				PRODUCT_BUNDLE_IDENTIFIER = de.scireum.SCIBarcodeScannerExample;
				PRODUCT_NAME = "$(TARGET_NAME)";
				SWIFT_VERSION = 4.2;
				TARGETED_DEVICE_FAMILY = "1,2";
			};
			name = Release;
		};
/* End XCBuildConfiguration section */

/* Begin XCConfigurationList section */
		4678186421B95B59002ACD4A /* Build configuration list for PBXProject "SCIBarcodeScannerExample" */ = {
			isa = XCConfigurationList;
			buildConfigurations = (
				4678187921B95B5A002ACD4A /* Debug */,
				4678187A21B95B5A002ACD4A /* Release */,
			);
			defaultConfigurationIsVisible = 0;
			defaultConfigurationName = Release;
		};
		4678187B21B95B5A002ACD4A /* Build configuration list for PBXNativeTarget "SCIBarcodeScannerExample" */ = {
			isa = XCConfigurationList;
			buildConfigurations = (
				4678187C21B95B5A002ACD4A /* Debug */,
				4678187D21B95B5A002ACD4A /* Release */,
			);
			defaultConfigurationIsVisible = 0;
			defaultConfigurationName = Release;
		};
/* End XCConfigurationList section */
	};
	rootObject = 4678186121B95B59002ACD4A /* Project object */;
}
